# This file is generated by running "yarn install" inside your project.
# Manual changes might be lost - proceed with caution!

__metadata:
  version: 5
  cacheKey: 8

"@types/debug@npm:4.1.7":
  version: 4.1.7
  resolution: "@types/debug@npm:4.1.7"
  dependencies:
    "@types/ms": "*"
  checksum: 0a7b89d8ed72526858f0b61c6fd81f477853e8c4415bb97f48b1b5545248d2ae389931680b94b393b993a7cfe893537a200647d93defe6d87159b96812305adc
  languageName: node
  linkType: hard

"@types/ms@npm:*":
  version: 0.7.31
  resolution: "@types/ms@npm:0.7.31"
  checksum: daadd354aedde024cce6f5aa873fefe7b71b22cd0e28632a69e8b677aeb48ae8caa1c60e5919bb781df040d116b01cb4316335167a3fc0ef6a63fa3614c0f6da
  languageName: node
  linkType: hard

"@types/node@npm:14.14.31":
  version: 14.14.31
  resolution: "@types/node@npm:14.14.31"
  checksum: 5b9ab3660ee63abc57affc836c0d50b2941a862c5b6c241c02762d8e1ad610f6b0d350d7426218dc401b5abc7d6294ee1b475da7c331e486d59a5608d1a0b777
  languageName: node
  linkType: hard

"@types/proper-lockfile@npm:4.1.2":
  version: 4.1.2
  resolution: "@types/proper-lockfile@npm:4.1.2"
  dependencies:
    "@types/retry": "*"
  checksum: 9d8a100f96e6df3ce1213eea2696b86de4b75dce3ab5bbc1767226732976bf38d2d2ce1060d6942e76561e8617576547e83bb172e95375192a0b8df1fbca2331
  languageName: node
  linkType: hard

"@types/retry@npm:*":
  version: 0.12.1
  resolution: "@types/retry@npm:0.12.1"
  checksum: 5f46b2556053655f78262bb33040dc58417c900457cc63ff37d6c35349814471453ef511af0cec76a540c601296cd2b22f64bab1ab649c0dacc0223765ba876c
  languageName: node
  linkType: hard

"debug@npm:^4.3.2":
  version: 4.3.2
  resolution: "debug@npm:4.3.2"
  dependencies:
    ms: 2.1.2
  peerDependenciesMeta:
    supports-color:
      optional: true
  checksum: 820ea160e267e23c953c9ed87e7ad93494d8cda2f7349af5e7e3bb236d23707ee3022f477d5a7d2ee86ef2bf7d60aa9ab22d1f58080d7deb9dccd073585e1e43
  languageName: node
  linkType: hard

"graceful-fs@npm:^4.2.4":
  version: 4.2.8
  resolution: "graceful-fs@npm:4.2.8"
  checksum: 5d224c8969ad0581d551dfabdb06882706b31af2561bd5e2034b4097e67cc27d05232849b8643866585fd0a41c7af152950f8776f4dd5579e9853733f31461c6
  languageName: node
  linkType: hard

"ms@npm:2.1.2":
  version: 2.1.2
  resolution: "ms@npm:2.1.2"
  checksum: 673cdb2c3133eb050c745908d8ce632ed2c02d85640e2edb3ace856a2266a813b30c613569bf3354fdf4ea7d1a1494add3bfa95e2713baa27d0c2c71fc44f58f
  languageName: node
  linkType: hard

"pid-file@workspace:.":
  version: 0.0.0-use.local
  resolution: "pid-file@workspace:."
  dependencies:
    "@types/debug": 4.1.7
    "@types/node": 14.14.31
    "@types/proper-lockfile": 4.1.2
    debug: ^4.3.2
    proper-lockfile: ^4.1.2
    typescript: 4.4.4
  languageName: unknown
  linkType: soft

"proper-lockfile@npm:^4.1.2":
  version: 4.1.2
  resolution: "proper-lockfile@npm:4.1.2"
  dependencies:
    graceful-fs: ^4.2.4
    retry: ^0.12.0
    signal-exit: ^3.0.2
  checksum: 00078ee6a61c216a56a6140c7d2a98c6c733b3678503002dc073ab8beca5d50ca271de4c85fca13b9b8ee2ff546c36674d1850509b84a04a5d0363bcb8638939
  languageName: node
  linkType: hard

"retry@npm:^0.12.0":
  version: 0.12.0
  resolution: "retry@npm:0.12.0"
  checksum: 623bd7d2e5119467ba66202d733ec3c2e2e26568074923bc0585b6b99db14f357e79bdedb63cab56cec47491c4a0da7e6021a7465ca6dc4f481d3898fdd3158c
  languageName: node
  linkType: hard

"signal-exit@npm:^3.0.2":
  version: 3.0.6
  resolution: "signal-exit@npm:3.0.6"
  checksum: b819ac81ba757af559dad0804233ae31bf6f054591cd8a671e9cbcf09f21c72ec3076fe87d1e04861f5b33b47d63f0694b568de99c99cd733ee2060515beb6d5
  languageName: node
  linkType: hard

"typescript@npm:4.4.4":
  version: 4.4.4
  resolution: "typescript@npm:4.4.4"
  bin:
    tsc: bin/tsc
    tsserver: bin/tsserver
  checksum: 89ecb8436bb48ef5594d49289f5f89103071716b6e4844278f4fb3362856e31203e187a9c76d205c3f0b674d221a058fd28310dbcbcf5d95e9a57229bb5203f1
  languageName: node
  linkType: hard

"typescript@patch:typescript@4.4.4#~builtin<compat/typescript>":
  version: 4.4.4
  resolution: "typescript@patch:typescript@npm%3A4.4.4#~builtin<compat/typescript>::version=4.4.4&hash=ddd1e8"
  bin:
    tsc: bin/tsc
    tsserver: bin/tsserver
  checksum: bd629ad0da4a15d79aaad56baf3ee7d96f6a181760d430ae77f8c5325df7bffd9edee57544a3970e3651e8b796fe03a5838a7eb39c6d46cc3866c0b23d36a0dd
  languageName: node
  linkType: hard
